
Microsoft Visual Studio Solution File, Format Version 12.00
# Visual Studio Version 17
VisualStudioVersion = 17.5.002.0
MinimumVisualStudioVersion = 10.0.40219.1
Project("{9A19103F-16F7-4668-BE54-9A1E7A4F7556}") = "proj1.Server", "Server\proj1.Server.csproj", "{FBE17E4F-1EE0-48DC-A57D-8F8A4C598E97}"
EndProject
Project("{9A19103F-16F7-4668-BE54-9A1E7A4F7556}") = "proj1.Shared", "Shared\proj1.Shared.csproj", "{96C30201-D96C-43C0-8BAC-9CF49AEFDC38}"
EndProject
Project("{9A19103F-16F7-4668-BE54-9A1E7A4F7556}") = "proj1.Client", "Client\proj1.Client.csproj", "{80954746-918A-45C3-8694-52A6DB38F2C3}"
EndProject
Global
	GlobalSection(SolutionConfigurationPlatforms) = preSolution
		Debug|Any CPU = Debug|Any CPU
		Release|Any CPU = Release|Any CPU
	EndGlobalSection
	GlobalSection(ProjectConfigurationPlatforms) = postSolution
		{FBE17E4F-1EE0-48DC-A57D-8F8A4C598E97}.Debug|Any CPU.ActiveCfg = Debug|Any CPU
		{FBE17E4F-1EE0-48DC-A57D-8F8A4C598E97}.Debug|Any CPU.Build.0 = Debug|Any CPU
		{FBE17E4F-1EE0-48DC-A57D-8F8A4C598E97}.Release|Any CPU.ActiveCfg = Release|Any CPU
		{FBE17E4F-1EE0-48DC-A57D-8F8A4C598E97}.Release|Any CPU.Build.0 = Release|Any CPU
		{96C30201-D96C-43C0-8BAC-9CF49AEFDC38}.Debug|Any CPU.ActiveCfg = Debug|Any CPU
		{96C30201-D96C-43C0-8BAC-9CF49AEFDC38}.Debug|Any CPU.Build.0 = Debug|Any CPU
		{96C30201-D96C-43C0-8BAC-9CF49AEFDC38}.Release|Any CPU.ActiveCfg = Release|Any CPU
		{96C30201-D96C-43C0-8BAC-9CF49AEFDC38}.Release|Any CPU.Build.0 = Release|Any CPU
		{80954746-918A-45C3-8694-52A6DB38F2C3}.Debug|Any CPU.ActiveCfg = Debug|Any CPU
		{80954746-918A-45C3-8694-52A6DB38F2C3}.Debug|Any CPU.Build.0 = Debug|Any CPU
		{80954746-918A-45C3-8694-52A6DB38F2C3}.Release|Any CPU.ActiveCfg = Release|Any CPU
		{80954746-918A-45C3-8694-52A6DB38F2C3}.Release|Any CPU.Build.0 = Release|Any CPU
	EndGlobalSection
	GlobalSection(SolutionProperties) = preSolution
		HideSolutionNode = FALSE
	EndGlobalSection
	GlobalSection(ExtensibilityGlobals) = postSolution
		SolutionGuid = {C97A51FB-59CF-474F-8FC1-9C51C8C1B034}
	EndGlobalSection
EndGlobal
